
Microsoft Visual Studio Solution File, Format Version 12.00
# Visual Studio Version 17
VisualStudioVersion = 17.5.002.0
MinimumVisualStudioVersion = 10.0.40219.1
Project("{9A19103F-16F7-4668-BE54-9A1E7A4F7556}") = "TrilhaApiDesafio", "TrilhaApiDesafio.csproj", "{C004BEC4-0949-48B8-82EE-72C6D3A757D6}"
EndProject
Global
	GlobalSection(SolutionConfigurationPlatforms) = preSolution
		Debug|Any CPU = Debug|Any CPU
		Release|Any CPU = Release|Any CPU
	EndGlobalSection
	GlobalSection(ProjectConfigurationPlatforms) = postSolution
		{C004BEC4-0949-48B8-82EE-72C6D3A757D6}.Debug|Any CPU.ActiveCfg = Debug|Any CPU
		{C004BEC4-0949-48B8-82EE-72C6D3A757D6}.Debug|Any CPU.Build.0 = Debug|Any CPU
		{C004BEC4-0949-48B8-82EE-72C6D3A757D6}.Release|Any CPU.ActiveCfg = Release|Any CPU
		{C004BEC4-0949-48B8-82EE-72C6D3A757D6}.Release|Any CPU.Build.0 = Release|Any CPU
	EndGlobalSection
	GlobalSection(SolutionProperties) = preSolution
		HideSolutionNode = FALSE
	EndGlobalSection
	GlobalSection(ExtensibilityGlobals) = postSolution
		SolutionGuid = {E1C7752A-3B47-4F26-90D2-BCBBC28AE623}
	EndGlobalSection
EndGlobal
